
Microsoft Visual Studio Solution File, Format Version 12.00
# Visual Studio 14
VisualStudioVersion = 14.0.24720.0
MinimumVisualStudioVersion = 10.0.40219.1
Project("{FAE04EC0-301F-11D3-BF4B-00C04F79EFBC}") = "Interpreter", "Interpreter\Interpreter.csproj", "{79823C12-EE04-4212-99D4-C66909596B20}"
EndProject
Project("{FAE04EC0-301F-11D3-BF4B-00C04F79EFBC}") = "Parser", "Parser\Parser.csproj", "{11255A27-B153-4557-BB0B-AFF53FAFA85B}"
EndProject
Project("{FAE04EC0-301F-11D3-BF4B-00C04F79EFBC}") = "TestAcUnification", "TestAcUnification\TestAcUnification.csproj", "{FB7D0CF8-FFB8-4448-9AB9-4840F17A4656}"
EndProject
Project("{FAE04EC0-301F-11D3-BF4B-00C04F79EFBC}") = "TrsEditor", "TrsEditor\TrsEditor.csproj", "{97ABD102-DD51-479A-88E3-06F2240B7A1D}"
EndProject
Global
	GlobalSection(SolutionConfigurationPlatforms) = preSolution
		Debug|Any CPU = Debug|Any CPU
		Release|Any CPU = Release|Any CPU
	EndGlobalSection
	GlobalSection(ProjectConfigurationPlatforms) = postSolution
		{79823C12-EE04-4212-99D4-C66909596B20}.Debug|Any CPU.ActiveCfg = Debug|Any CPU
		{79823C12-EE04-4212-99D4-C66909596B20}.Debug|Any CPU.Build.0 = Debug|Any CPU
		{79823C12-EE04-4212-99D4-C66909596B20}.Release|Any CPU.ActiveCfg = Release|Any CPU
		{79823C12-EE04-4212-99D4-C66909596B20}.Release|Any CPU.Build.0 = Release|Any CPU
		{11255A27-B153-4557-BB0B-AFF53FAFA85B}.Debug|Any CPU.ActiveCfg = Debug|Any CPU
		{11255A27-B153-4557-BB0B-AFF53FAFA85B}.Debug|Any CPU.Build.0 = Debug|Any CPU
		{11255A27-B153-4557-BB0B-AFF53FAFA85B}.Release|Any CPU.ActiveCfg = Release|Any CPU
		{11255A27-B153-4557-BB0B-AFF53FAFA85B}.Release|Any CPU.Build.0 = Release|Any CPU
		{FB7D0CF8-FFB8-4448-9AB9-4840F17A4656}.Debug|Any CPU.ActiveCfg = Debug|Any CPU
		{FB7D0CF8-FFB8-4448-9AB9-4840F17A4656}.Debug|Any CPU.Build.0 = Debug|Any CPU
		{FB7D0CF8-FFB8-4448-9AB9-4840F17A4656}.Release|Any CPU.ActiveCfg = Release|Any CPU
		{FB7D0CF8-FFB8-4448-9AB9-4840F17A4656}.Release|Any CPU.Build.0 = Release|Any CPU
		{97ABD102-DD51-479A-88E3-06F2240B7A1D}.Debug|Any CPU.ActiveCfg = Debug|Any CPU
		{97ABD102-DD51-479A-88E3-06F2240B7A1D}.Debug|Any CPU.Build.0 = Debug|Any CPU
		{97ABD102-DD51-479A-88E3-06F2240B7A1D}.Release|Any CPU.ActiveCfg = Release|Any CPU
		{97ABD102-DD51-479A-88E3-06F2240B7A1D}.Release|Any CPU.Build.0 = Release|Any CPU
	EndGlobalSection
	GlobalSection(SolutionProperties) = preSolution
		HideSolutionNode = FALSE
	EndGlobalSection
EndGlobal
